<Solution>
  <Folder Name="/Solution Items/">
    <File Path=".editorconfig" />
    <File Path="Directory.Build.props" />
  </Folder>
  <Project Path="CongregationManager.Server/CongregationManager.Server.csproj" />
  <Project Path="CongregationManager.Server.Tests/CongregationManager.Server.Tests.csproj" />
</Solution>
